
Microsoft Visual Studio Solution File, Format Version 12.00
# Visual Studio Version 16
VisualStudioVersion = 16.0.31129.286
MinimumVisualStudioVersion = 10.0.40219.1
Project("{F184B08F-C81C-45F6-A57F-5ABD9991F28F}") = "PhoneBook", "PhoneBook.vbproj", "{52AC545D-6BBD-40E2-BEE0-9A1780E17CF2}"
EndProject
Global
	GlobalSection(SolutionConfigurationPlatforms) = preSolution
		Debug|Any CPU = Debug|Any CPU
		Release|Any CPU = Release|Any CPU
	EndGlobalSection
	GlobalSection(ProjectConfigurationPlatforms) = postSolution
		{52AC545D-6BBD-40E2-BEE0-9A1780E17CF2}.Debug|Any CPU.ActiveCfg = Debug|Any CPU
		{52AC545D-6BBD-40E2-BEE0-9A1780E17CF2}.Debug|Any CPU.Build.0 = Debug|Any CPU
		{52AC545D-6BBD-40E2-BEE0-9A1780E17CF2}.Release|Any CPU.ActiveCfg = Release|Any CPU
		{52AC545D-6BBD-40E2-BEE0-9A1780E17CF2}.Release|Any CPU.Build.0 = Release|Any CPU
	EndGlobalSection
	GlobalSection(SolutionProperties) = preSolution
		HideSolutionNode = FALSE
	EndGlobalSection
	GlobalSection(ExtensibilityGlobals) = postSolution
		SolutionGuid = {DA8E7E2A-20ED-450F-99DE-505A3FA785B9}
	EndGlobalSection
EndGlobal
